{
  "name": "ares-vi",
  "version": "0.0.0",
  "lockfileVersion": 1,
  "requires": true,
  "dependencies": {
    "ng2-search-filter": {
      "version": "0.3.1",
      "resolved": "https://registry.npmjs.org/ng2-search-filter/-/ng2-search-filter-0.3.1.tgz",
      "integrity": "sha512-AH+3/qJPVVCgn9eq1Sf9p8o3tZSkKxlzaaE3TYnYGTGPGaYZL4bwcX4NOC5lQvIXFmoVr0epID6OiG2BYLpvFQ=="
    },
    "ui-select": {
      "version": "0.19.8",
      "resolved": "https://registry.npmjs.org/ui-select/-/ui-select-0.19.8.tgz",
      "integrity": "sha1-dIYISKf9i8SU2YVtL2J3bqmGN8E="
    }
  }
}
